{
  "version": 4,
  "terraform_version": "0.12.20",
  "serial": 3,
  "lineage": "ea49dd31-5f41-d9f5-fd19-47505bfe2548",
  "outputs": {
    "bucketname": {
      "value": "administratortest-8710",
      "type": "string"
    }
  },
  "resources": [
    {
      "mode": "managed",
      "type": "aws_s3_bucket",
      "name": "tf_code",
      "provider": "provider.aws",
      "instances": [
        {
          "schema_version": 0,
          "attributes": {
            "acceleration_status": "",
            "acl": "private",
            "arn": "arn:aws:s3:::administratortest-8710",
            "bucket": "administratortest-8710",
            "bucket_domain_name": "administratortest-8710.s3.amazonaws.com",
            "bucket_prefix": null,
            "bucket_regional_domain_name": "administratortest-8710.s3.us-west-2.amazonaws.com",
            "cors_rule": [],
            "force_destroy": true,
            "hosted_zone_id": "Z3BJ6K6RIION7M",
            "id": "administratortest-8710",
            "lifecycle_rule": [],
            "logging": [],
            "object_lock_configuration": [],
            "policy": null,
            "region": "us-west-2",
            "replication_configuration": [],
            "request_payer": "BucketOwner",
            "server_side_encryption_configuration": [],
            "tags": {
              "name": "tf_bucket"
            },
            "versioning": [
              {
                "enabled": false,
                "mfa_delete": false
              }
            ],
            "website": [],
            "website_domain": null,
            "website_endpoint": null
          },
          "private": "bnVsbA==",
          "dependencies": [
            "random_id.tf_bucket_id"
          ]
        }
      ]
    },
    {
      "mode": "managed",
      "type": "random_id",
      "name": "tf_bucket_id",
      "provider": "provider.random",
      "instances": [
        {
          "schema_version": 0,
          "attributes": {
            "b64": "IgY",
            "b64_std": "IgY=",
            "b64_url": "IgY",
            "byte_length": 2,
            "dec": "8710",
            "hex": "2206",
            "id": "IgY",
            "keepers": null,
            "prefix": null
          },
          "private": "bnVsbA=="
        }
      ]
    }
  ]
}
